
Microsoft Visual Studio Solution File, Format Version 12.00
# Visual Studio Version 17
VisualStudioVersion = 17.14.36327.8 d17.14
MinimumVisualStudioVersion = 10.0.40219.1
Project("{FAE04EC0-301F-11D3-BF4B-00C04F79EFBC}") = "ConsoleApp2", "ConsoleApp2.csproj", "{FD000138-45C4-415C-907D-06C880FFC220}"
EndProject
Global
	GlobalSection(SolutionConfigurationPlatforms) = preSolution
		Debug|Any CPU = Debug|Any CPU
		Release|Any CPU = Release|Any CPU
	EndGlobalSection
	GlobalSection(ProjectConfigurationPlatforms) = postSolution
		{FD000138-45C4-415C-907D-06C880FFC220}.Debug|Any CPU.ActiveCfg = Debug|Any CPU
		{FD000138-45C4-415C-907D-06C880FFC220}.Debug|Any CPU.Build.0 = Debug|Any CPU
		{FD000138-45C4-415C-907D-06C880FFC220}.Release|Any CPU.ActiveCfg = Release|Any CPU
		{FD000138-45C4-415C-907D-06C880FFC220}.Release|Any CPU.Build.0 = Release|Any CPU
	EndGlobalSection
	GlobalSection(SolutionProperties) = preSolution
		HideSolutionNode = FALSE
	EndGlobalSection
	GlobalSection(ExtensibilityGlobals) = postSolution
		SolutionGuid = {0AD89503-9AA9-4962-B6B6-EBA1ADBB033F}
	EndGlobalSection
EndGlobal
